
Microsoft Visual Studio Solution File, Format Version 12.00
# Visual Studio Version 17
VisualStudioVersion = 17.10.35122.118
MinimumVisualStudioVersion = 10.0.40219.1
Project("{FAE04EC0-301F-11D3-BF4B-00C04F79EFBC}") = "helloWorld", "helloWorld\helloWorld.csproj", "{DD3ED9F7-2A13-4E5B-B073-B6A669D246BF}"
EndProject
Global
	GlobalSection(SolutionConfigurationPlatforms) = preSolution
		Debug|Any CPU = Debug|Any CPU
		Release|Any CPU = Release|Any CPU
	EndGlobalSection
	GlobalSection(ProjectConfigurationPlatforms) = postSolution
		{DD3ED9F7-2A13-4E5B-B073-B6A669D246BF}.Debug|Any CPU.ActiveCfg = Debug|Any CPU
		{DD3ED9F7-2A13-4E5B-B073-B6A669D246BF}.Debug|Any CPU.Build.0 = Debug|Any CPU
		{DD3ED9F7-2A13-4E5B-B073-B6A669D246BF}.Release|Any CPU.ActiveCfg = Release|Any CPU
		{DD3ED9F7-2A13-4E5B-B073-B6A669D246BF}.Release|Any CPU.Build.0 = Release|Any CPU
	EndGlobalSection
	GlobalSection(SolutionProperties) = preSolution
		HideSolutionNode = FALSE
	EndGlobalSection
	GlobalSection(ExtensibilityGlobals) = postSolution
		SolutionGuid = {D0F33545-BD9F-462B-967D-502C232F7737}
	EndGlobalSection
EndGlobal
